// !$*UTF8*$!
{
	archiveVersion = 1;
	classes = {
	};
	objectVersion = 50;
	objects = {

/* Begin PBXBuildFile section */
		3FC0F5AA8A25846356221BCA /* Pods_Algolia_Rajan.framework in Frameworks */ = {isa = PBXBuildFile; fileRef = 37C375D7B53BBC94E3322CDE /* Pods_Algolia_Rajan.framework */; };
		59D014F623A0F69B00B361A7 /* AppDelegate.swift in Sources */ = {isa = PBXBuildFile; fileRef = 59D014F523A0F69A00B361A7 /* AppDelegate.swift */; };
		59D014F823A0F69B00B361A7 /* ViewController.swift in Sources */ = {isa = PBXBuildFile; fileRef = 59D014F723A0F69B00B361A7 /* ViewController.swift */; };
		59D014FB23A0F69B00B361A7 /* Main.storyboard in Resources */ = {isa = PBXBuildFile; fileRef = 59D014F923A0F69B00B361A7 /* Main.storyboard */; };
		59D014FD23A0F69B00B361A7 /* Assets.xcassets in Resources */ = {isa = PBXBuildFile; fileRef = 59D014FC23A0F69B00B361A7 /* Assets.xcassets */; };
		59D0150023A0F69B00B361A7 /* LaunchScreen.storyboard in Resources */ = {isa = PBXBuildFile; fileRef = 59D014FE23A0F69B00B361A7 /* LaunchScreen.storyboard */; };
		59D0150823A0FAAE00B361A7 /* AlgoliaPostDetail.swift in Sources */ = {isa = PBXBuildFile; fileRef = 59D0150723A0FAAE00B361A7 /* AlgoliaPostDetail.swift */; };
		59D0150A23A0FB3500B361A7 /* DateGeneric.swift in Sources */ = {isa = PBXBuildFile; fileRef = 59D0150923A0FB3500B361A7 /* DateGeneric.swift */; };
/* End PBXBuildFile section */

/* Begin PBXFileReference section */
		37C375D7B53BBC94E3322CDE /* Pods_Algolia_Rajan.framework */ = {isa = PBXFileReference; explicitFileType = wrapper.framework; includeInIndex = 0; path = Pods_Algolia_Rajan.framework; sourceTree = BUILT_PRODUCTS_DIR; };
		59D014F223A0F69A00B361A7 /* Algolia_Rajan.app */ = {isa = PBXFileReference; explicitFileType = wrapper.application; includeInIndex = 0; path = Algolia_Rajan.app; sourceTree = BUILT_PRODUCTS_DIR; };
		59D014F523A0F69A00B361A7 /* AppDelegate.swift */ = {isa = PBXFileReference; lastKnownFileType = sourcecode.swift; path = AppDelegate.swift; sourceTree = "<group>"; };
		59D014F723A0F69B00B361A7 /* ViewController.swift */ = {isa = PBXFileReference; lastKnownFileType = sourcecode.swift; path = ViewController.swift; sourceTree = "<group>"; };
		59D014FA23A0F69B00B361A7 /* Base */ = {isa = PBXFileReference; lastKnownFileType = file.storyboard; name = Base; path = Base.lproj/Main.storyboard; sourceTree = "<group>"; };
		59D014FC23A0F69B00B361A7 /* Assets.xcassets */ = {isa = PBXFileReference; lastKnownFileType = folder.assetcatalog; path = Assets.xcassets; sourceTree = "<group>"; };
		59D014FF23A0F69B00B361A7 /* Base */ = {isa = PBXFileReference; lastKnownFileType = file.storyboard; name = Base; path = Base.lproj/LaunchScreen.storyboard; sourceTree = "<group>"; };
		59D0150123A0F69B00B361A7 /* Info.plist */ = {isa = PBXFileReference; lastKnownFileType = text.plist.xml; path = Info.plist; sourceTree = "<group>"; };
		59D0150723A0FAAE00B361A7 /* AlgoliaPostDetail.swift */ = {isa = PBXFileReference; lastKnownFileType = sourcecode.swift; name = AlgoliaPostDetail.swift; path = /Users/pcq143/Documents/engineer_ai/Algolia_Rajan/Algolia_Rajan/AlgoliaPostDetail.swift; sourceTree = "<absolute>"; };
		59D0150923A0FB3500B361A7 /* DateGeneric.swift */ = {isa = PBXFileReference; lastKnownFileType = sourcecode.swift; path = DateGeneric.swift; sourceTree = "<group>"; };
		5AFB20828CEDEEDFBCF669A3 /* Pods-Algolia_Rajan.release.xcconfig */ = {isa = PBXFileReference; includeInIndex = 1; lastKnownFileType = text.xcconfig; name = "Pods-Algolia_Rajan.release.xcconfig"; path = "Pods/Target Support Files/Pods-Algolia_Rajan/Pods-Algolia_Rajan.release.xcconfig"; sourceTree = "<group>"; };
		5B38BFE1123659DC7539D735 /* Pods-Algolia_Rajan.debug.xcconfig */ = {isa = PBXFileReference; includeInIndex = 1; lastKnownFileType = text.xcconfig; name = "Pods-Algolia_Rajan.debug.xcconfig"; path = "Pods/Target Support Files/Pods-Algolia_Rajan/Pods-Algolia_Rajan.debug.xcconfig"; sourceTree = "<group>"; };
/* End PBXFileReference section */

/* Begin PBXFrameworksBuildPhase section */
		59D014EF23A0F69A00B361A7 /* Frameworks */ = {
			isa = PBXFrameworksBuildPhase;
			buildActionMask = 2147483647;
			files = (
				3FC0F5AA8A25846356221BCA /* Pods_Algolia_Rajan.framework in Frameworks */,
			);
			runOnlyForDeploymentPostprocessing = 0;
		};
/* End PBXFrameworksBuildPhase section */

/* Begin PBXGroup section */
		1B83E0895DFADA0B78C22BE0 /* Frameworks */ = {
			isa = PBXGroup;
			children = (
				37C375D7B53BBC94E3322CDE /* Pods_Algolia_Rajan.framework */,
			);
			name = Frameworks;
			sourceTree = "<group>";
		};
		509F0B32DB1825D93308F44D /* Pods */ = {
			isa = PBXGroup;
			children = (
				5B38BFE1123659DC7539D735 /* Pods-Algolia_Rajan.debug.xcconfig */,
				5AFB20828CEDEEDFBCF669A3 /* Pods-Algolia_Rajan.release.xcconfig */,
			);
			name = Pods;
			sourceTree = "<group>";
		};
		59D014E923A0F69A00B361A7 = {
			isa = PBXGroup;
			children = (
				59D014F423A0F69A00B361A7 /* Algolia_Rajan */,
				59D014F323A0F69A00B361A7 /* Products */,
				509F0B32DB1825D93308F44D /* Pods */,
				1B83E0895DFADA0B78C22BE0 /* Frameworks */,
			);
			sourceTree = "<group>";
		};
		59D014F323A0F69A00B361A7 /* Products */ = {
			isa = PBXGroup;
			children = (
				59D014F223A0F69A00B361A7 /* Algolia_Rajan.app */,
			);
			name = Products;
			sourceTree = "<group>";
		};
		59D014F423A0F69A00B361A7 /* Algolia_Rajan */ = {
			isa = PBXGroup;
			children = (
				59D014F523A0F69A00B361A7 /* AppDelegate.swift */,
				59D0150B23A101C900B361A7 /* Controller */,
				59D0150F23A1023200B361A7 /* View */,
				59D0150D23A101FD00B361A7 /* Model */,
				59D0150E23A1021C00B361A7 /* Helper */,
				59D014FC23A0F69B00B361A7 /* Assets.xcassets */,
				59D0150123A0F69B00B361A7 /* Info.plist */,
			);
			path = Algolia_Rajan;
			sourceTree = "<group>";
		};
		59D0150B23A101C900B361A7 /* Controller */ = {
			isa = PBXGroup;
			children = (
				59D014F723A0F69B00B361A7 /* ViewController.swift */,
			);
			path = Controller;
			sourceTree = "<group>";
		};
		59D0150D23A101FD00B361A7 /* Model */ = {
			isa = PBXGroup;
			children = (
				59D0150723A0FAAE00B361A7 /* AlgoliaPostDetail.swift */,
			);
			path = Model;
			sourceTree = "<group>";
		};
		59D0150E23A1021C00B361A7 /* Helper */ = {
			isa = PBXGroup;
			children = (
				59D0150923A0FB3500B361A7 /* DateGeneric.swift */,
			);
			path = Helper;
			sourceTree = "<group>";
		};
		59D0150F23A1023200B361A7 /* View */ = {
			isa = PBXGroup;
			children = (
				59D014F923A0F69B00B361A7 /* Main.storyboard */,
				59D014FE23A0F69B00B361A7 /* LaunchScreen.storyboard */,
			);
			path = View;
			sourceTree = "<group>";
		};
/* End PBXGroup section */

/* Begin PBXNativeTarget section */
		59D014F123A0F69A00B361A7 /* Algolia_Rajan */ = {
			isa = PBXNativeTarget;
			buildConfigurationList = 59D0150423A0F69B00B361A7 /* Build configuration list for PBXNativeTarget "Algolia_Rajan" */;
			buildPhases = (
				9CAE293AD449DAF0E6AC83A1 /* [CP] Check Pods Manifest.lock */,
				59D014EE23A0F69A00B361A7 /* Sources */,
				59D014EF23A0F69A00B361A7 /* Frameworks */,
				59D014F023A0F69A00B361A7 /* Resources */,
				788BE8C576734E2CEA549527 /* [CP] Embed Pods Frameworks */,
			);
			buildRules = (
			);
			dependencies = (
			);
			name = Algolia_Rajan;
			productName = Algolia_Rajan;
			productReference = 59D014F223A0F69A00B361A7 /* Algolia_Rajan.app */;
			productType = "com.apple.product-type.application";
		};
/* End PBXNativeTarget section */

/* Begin PBXProject section */
		59D014EA23A0F69A00B361A7 /* Project object */ = {
			isa = PBXProject;
			attributes = {
				LastSwiftUpdateCheck = 1020;
				LastUpgradeCheck = 1020;
				ORGANIZATIONNAME = tatvasoft;
				TargetAttributes = {
					59D014F123A0F69A00B361A7 = {
						CreatedOnToolsVersion = 10.2.1;
					};
				};
			};
			buildConfigurationList = 59D014ED23A0F69A00B361A7 /* Build configuration list for PBXProject "Algolia_Rajan" */;
			compatibilityVersion = "Xcode 9.3";
			developmentRegion = en;
			hasScannedForEncodings = 0;
			knownRegions = (
				en,
				Base,
			);
			mainGroup = 59D014E923A0F69A00B361A7;
			productRefGroup = 59D014F323A0F69A00B361A7 /* Products */;
			projectDirPath = "";
			projectRoot = "";
			targets = (
				59D014F123A0F69A00B361A7 /* Algolia_Rajan */,
			);
		};
/* End PBXProject section */

/* Begin PBXResourcesBuildPhase section */
		59D014F023A0F69A00B361A7 /* Resources */ = {
			isa = PBXResourcesBuildPhase;
			buildActionMask = 2147483647;
			files = (
				59D0150023A0F69B00B361A7 /* LaunchScreen.storyboard in Resources */,
				59D014FD23A0F69B00B361A7 /* Assets.xcassets in Resources */,
				59D014FB23A0F69B00B361A7 /* Main.storyboard in Resources */,
			);
			runOnlyForDeploymentPostprocessing = 0;
		};
/* End PBXResourcesBuildPhase section */

/* Begin PBXShellScriptBuildPhase section */
		788BE8C576734E2CEA549527 /* [CP] Embed Pods Frameworks */ = {
			isa = PBXShellScriptBuildPhase;
			buildActionMask = 2147483647;
			files = (
			);
			inputFileListPaths = (
			);
			inputPaths = (
				"${SRCROOT}/Pods/Target Support Files/Pods-Algolia_Rajan/Pods-Algolia_Rajan-frameworks.sh",
				"${BUILT_PRODUCTS_DIR}/Alamofire/Alamofire.framework",
				"${BUILT_PRODUCTS_DIR}/SwiftyJSON/SwiftyJSON.framework",
			);
			name = "[CP] Embed Pods Frameworks";
			outputFileListPaths = (
			);
			outputPaths = (
				"${TARGET_BUILD_DIR}/${FRAMEWORKS_FOLDER_PATH}/Alamofire.framework",
				"${TARGET_BUILD_DIR}/${FRAMEWORKS_FOLDER_PATH}/SwiftyJSON.framework",
			);
			runOnlyForDeploymentPostprocessing = 0;
			shellPath = /bin/sh;
			shellScript = "\"${SRCROOT}/Pods/Target Support Files/Pods-Algolia_Rajan/Pods-Algolia_Rajan-frameworks.sh\"\n";
			showEnvVarsInLog = 0;
		};
		9CAE293AD449DAF0E6AC83A1 /* [CP] Check Pods Manifest.lock */ = {
			isa = PBXShellScriptBuildPhase;
			buildActionMask = 2147483647;
			files = (
			);
			inputFileListPaths = (
			);
			inputPaths = (
				"${PODS_PODFILE_DIR_PATH}/Podfile.lock",
				"${PODS_ROOT}/Manifest.lock",
			);
			name = "[CP] Check Pods Manifest.lock";
			outputFileListPaths = (
			);
			outputPaths = (
				"$(DERIVED_FILE_DIR)/Pods-Algolia_Rajan-checkManifestLockResult.txt",
			);
			runOnlyForDeploymentPostprocessing = 0;
			shellPath = /bin/sh;
			shellScript = "diff \"${PODS_PODFILE_DIR_PATH}/Podfile.lock\" \"${PODS_ROOT}/Manifest.lock\" > /dev/null\nif [ $? != 0 ] ; then\n    # print error to STDERR\n    echo \"error: The sandbox is not in sync with the Podfile.lock. Run 'pod install' or update your CocoaPods installation.\" >&2\n    exit 1\nfi\n# This output is used by Xcode 'outputs' to avoid re-running this script phase.\necho \"SUCCESS\" > \"${SCRIPT_OUTPUT_FILE_0}\"\n";
			showEnvVarsInLog = 0;
		};
/* End PBXShellScriptBuildPhase section */

/* Begin PBXSourcesBuildPhase section */
		59D014EE23A0F69A00B361A7 /* Sources */ = {
			isa = PBXSourcesBuildPhase;
			buildActionMask = 2147483647;
			files = (
				59D0150823A0FAAE00B361A7 /* AlgoliaPostDetail.swift in Sources */,
				59D014F823A0F69B00B361A7 /* ViewController.swift in Sources */,
				59D014F623A0F69B00B361A7 /* AppDelegate.swift in Sources */,
				59D0150A23A0FB3500B361A7 /* DateGeneric.swift in Sources */,
			);
			runOnlyForDeploymentPostprocessing = 0;
		};
/* End PBXSourcesBuildPhase section */

/* Begin PBXVariantGroup section */
		59D014F923A0F69B00B361A7 /* Main.storyboard */ = {
			isa = PBXVariantGroup;
			children = (
				59D014FA23A0F69B00B361A7 /* Base */,
			);
			name = Main.storyboard;
			sourceTree = "<group>";
		};
		59D014FE23A0F69B00B361A7 /* LaunchScreen.storyboard */ = {
			isa = PBXVariantGroup;
			children = (
				59D014FF23A0F69B00B361A7 /* Base */,
			);
			name = LaunchScreen.storyboard;
			sourceTree = "<group>";
		};
/* End PBXVariantGroup section */

/* Begin XCBuildConfiguration section */
		59D0150223A0F69B00B361A7 /* Debug */ = {
			isa = XCBuildConfiguration;
			buildSettings = {
				ALWAYS_SEARCH_USER_PATHS = NO;
				CLANG_ANALYZER_NONNULL = YES;
				CLANG_ANALYZER_NUMBER_OBJECT_CONVERSION = YES_AGGRESSIVE;
				CLANG_CXX_LANGUAGE_STANDARD = "gnu++14";
				CLANG_CXX_LIBRARY = "libc++";
				CLANG_ENABLE_MODULES = YES;
				CLANG_ENABLE_OBJC_ARC = YES;
				CLANG_ENABLE_OBJC_WEAK = YES;
				CLANG_WARN_BLOCK_CAPTURE_AUTORELEASING = YES;
				CLANG_WARN_BOOL_CONVERSION = YES;
				CLANG_WARN_COMMA = YES;
				CLANG_WARN_CONSTANT_CONVERSION = YES;
				CLANG_WARN_DEPRECATED_OBJC_IMPLEMENTATIONS = YES;
				CLANG_WARN_DIRECT_OBJC_ISA_USAGE = YES_ERROR;
				CLANG_WARN_DOCUMENTATION_COMMENTS = YES;
				CLANG_WARN_EMPTY_BODY = YES;
				CLANG_WARN_ENUM_CONVERSION = YES;
				CLANG_WARN_INFINITE_RECURSION = YES;
				CLANG_WARN_INT_CONVERSION = YES;
				CLANG_WARN_NON_LITERAL_NULL_CONVERSION = YES;
				CLANG_WARN_OBJC_IMPLICIT_RETAIN_SELF = YES;
				CLANG_WARN_OBJC_LITERAL_CONVERSION = YES;
				CLANG_WARN_OBJC_ROOT_CLASS = YES_ERROR;
				CLANG_WARN_RANGE_LOOP_ANALYSIS = YES;
				CLANG_WARN_STRICT_PROTOTYPES = YES;
				CLANG_WARN_SUSPICIOUS_MOVE = YES;
				CLANG_WARN_UNGUARDED_AVAILABILITY = YES_AGGRESSIVE;
				CLANG_WARN_UNREACHABLE_CODE = YES;
				CLANG_WARN__DUPLICATE_METHOD_MATCH = YES;
				CODE_SIGN_IDENTITY = "iPhone Developer";
				COPY_PHASE_STRIP = NO;
				DEBUG_INFORMATION_FORMAT = dwarf;
				ENABLE_STRICT_OBJC_MSGSEND = YES;
				ENABLE_TESTABILITY = YES;
				GCC_C_LANGUAGE_STANDARD = gnu11;
				GCC_DYNAMIC_NO_PIC = NO;
				GCC_NO_COMMON_BLOCKS = YES;
				GCC_OPTIMIZATION_LEVEL = 0;
				GCC_PREPROCESSOR_DEFINITIONS = (
					"DEBUG=1",
					"$(inherited)",
				);
				GCC_WARN_64_TO_32_BIT_CONVERSION = YES;
				GCC_WARN_ABOUT_RETURN_TYPE = YES_ERROR;
				GCC_WARN_UNDECLARED_SELECTOR = YES;
				GCC_WARN_UNINITIALIZED_AUTOS = YES_AGGRESSIVE;
				GCC_WARN_UNUSED_FUNCTION = YES;
				GCC_WARN_UNUSED_VARIABLE = YES;
				IPHONEOS_DEPLOYMENT_TARGET = 12.2;
				MTL_ENABLE_DEBUG_INFO = INCLUDE_SOURCE;
				MTL_FAST_MATH = YES;
				ONLY_ACTIVE_ARCH = YES;
				SDKROOT = iphoneos;
				SWIFT_ACTIVE_COMPILATION_CONDITIONS = DEBUG;
				SWIFT_OPTIMIZATION_LEVEL = "-Onone";
			};
			name = Debug;
		};
		59D0150323A0F69B00B361A7 /* Release */ = {
			isa = XCBuildConfiguration;
			buildSettings = {
				ALWAYS_SEARCH_USER_PATHS = NO;
				CLANG_ANALYZER_NONNULL = YES;
				CLANG_ANALYZER_NUMBER_OBJECT_CONVERSION = YES_AGGRESSIVE;
				CLANG_CXX_LANGUAGE_STANDARD = "gnu++14";
				CLANG_CXX_LIBRARY = "libc++";
				CLANG_ENABLE_MODULES = YES;
				CLANG_ENABLE_OBJC_ARC = YES;
				CLANG_ENABLE_OBJC_WEAK = YES;
				CLANG_WARN_BLOCK_CAPTURE_AUTORELEASING = YES;
				CLANG_WARN_BOOL_CONVERSION = YES;
				CLANG_WARN_COMMA = YES;
				CLANG_WARN_CONSTANT_CONVERSION = YES;
				CLANG_WARN_DEPRECATED_OBJC_IMPLEMENTATIONS = YES;
				CLANG_WARN_DIRECT_OBJC_ISA_USAGE = YES_ERROR;
				CLANG_WARN_DOCUMENTATION_COMMENTS = YES;
				CLANG_WARN_EMPTY_BODY = YES;
				CLANG_WARN_ENUM_CONVERSION = YES;
				CLANG_WARN_INFINITE_RECURSION = YES;
				CLANG_WARN_INT_CONVERSION = YES;
				CLANG_WARN_NON_LITERAL_NULL_CONVERSION = YES;
				CLANG_WARN_OBJC_IMPLICIT_RETAIN_SELF = YES;
				CLANG_WARN_OBJC_LITERAL_CONVERSION = YES;
				CLANG_WARN_OBJC_ROOT_CLASS = YES_ERROR;
				CLANG_WARN_RANGE_LOOP_ANALYSIS = YES;
				CLANG_WARN_STRICT_PROTOTYPES = YES;
				CLANG_WARN_SUSPICIOUS_MOVE = YES;
				CLANG_WARN_UNGUARDED_AVAILABILITY = YES_AGGRESSIVE;
				CLANG_WARN_UNREACHABLE_CODE = YES;
				CLANG_WARN__DUPLICATE_METHOD_MATCH = YES;
				CODE_SIGN_IDENTITY = "iPhone Developer";
				COPY_PHASE_STRIP = NO;
				DEBUG_INFORMATION_FORMAT = "dwarf-with-dsym";
				ENABLE_NS_ASSERTIONS = NO;
				ENABLE_STRICT_OBJC_MSGSEND = YES;
				GCC_C_LANGUAGE_STANDARD = gnu11;
				GCC_NO_COMMON_BLOCKS = YES;
				GCC_WARN_64_TO_32_BIT_CONVERSION = YES;
				GCC_WARN_ABOUT_RETURN_TYPE = YES_ERROR;
				GCC_WARN_UNDECLARED_SELECTOR = YES;
				GCC_WARN_UNINITIALIZED_AUTOS = YES_AGGRESSIVE;
				GCC_WARN_UNUSED_FUNCTION = YES;
				GCC_WARN_UNUSED_VARIABLE = YES;
				IPHONEOS_DEPLOYMENT_TARGET = 12.2;
				MTL_ENABLE_DEBUG_INFO = NO;
				MTL_FAST_MATH = YES;
				SDKROOT = iphoneos;
				SWIFT_COMPILATION_MODE = wholemodule;
				SWIFT_OPTIMIZATION_LEVEL = "-O";
				VALIDATE_PRODUCT = YES;
			};
			name = Release;
		};
		59D0150523A0F69B00B361A7 /* Debug */ = {
			isa = XCBuildConfiguration;
			baseConfigurationReference = 5B38BFE1123659DC7539D735 /* Pods-Algolia_Rajan.debug.xcconfig */;
			buildSettings = {
				ASSETCATALOG_COMPILER_APPICON_NAME = AppIcon;
				CODE_SIGN_STYLE = Automatic;
				INFOPLIST_FILE = Algolia_Rajan/Info.plist;
				LD_RUNPATH_SEARCH_PATHS = (
					"$(inherited)",
					"@executable_path/Frameworks",
				);
				PRODUCT_BUNDLE_IDENTIFIER = "com.tatvasoft.Algolia.Algolia-Rajan";
				PRODUCT_NAME = "$(TARGET_NAME)";
				SWIFT_VERSION = 5.0;
				TARGETED_DEVICE_FAMILY = "1,2";
			};
			name = Debug;
		};
		59D0150623A0F69B00B361A7 /* Release */ = {
			isa = XCBuildConfiguration;
			baseConfigurationReference = 5AFB20828CEDEEDFBCF669A3 /* Pods-Algolia_Rajan.release.xcconfig */;
			buildSettings = {
				ASSETCATALOG_COMPILER_APPICON_NAME = AppIcon;
				CODE_SIGN_STYLE = Automatic;
				INFOPLIST_FILE = Algolia_Rajan/Info.plist;
				LD_RUNPATH_SEARCH_PATHS = (
					"$(inherited)",
					"@executable_path/Frameworks",
				);
				PRODUCT_BUNDLE_IDENTIFIER = "com.tatvasoft.Algolia.Algolia-Rajan";
				PRODUCT_NAME = "$(TARGET_NAME)";
				SWIFT_VERSION = 5.0;
				TARGETED_DEVICE_FAMILY = "1,2";
			};
			name = Release;
		};
/* End XCBuildConfiguration section */

/* Begin XCConfigurationList section */
		59D014ED23A0F69A00B361A7 /* Build configuration list for PBXProject "Algolia_Rajan" */ = {
			isa = XCConfigurationList;
			buildConfigurations = (
				59D0150223A0F69B00B361A7 /* Debug */,
				59D0150323A0F69B00B361A7 /* Release */,
			);
			defaultConfigurationIsVisible = 0;
			defaultConfigurationName = Release;
		};
		59D0150423A0F69B00B361A7 /* Build configuration list for PBXNativeTarget "Algolia_Rajan" */ = {
			isa = XCConfigurationList;
			buildConfigurations = (
				59D0150523A0F69B00B361A7 /* Debug */,
				59D0150623A0F69B00B361A7 /* Release */,
			);
			defaultConfigurationIsVisible = 0;
			defaultConfigurationName = Release;
		};
/* End XCConfigurationList section */
	};
	rootObject = 59D014EA23A0F69A00B361A7 /* Project object */;
}
